
Microsoft Visual Studio Solution File, Format Version 12.00
# Visual Studio Version 17
VisualStudioVersion = 17.0.31903.59
MinimumVisualStudioVersion = 10.0.40219.1
Project("{FAE04EC0-301F-11D3-BF4B-00C04F79EFBC}") = "CrossCloudLoadBalancing.Web", "CrossCloudLoadBalancing.Web\CrossCloudLoadBalancing.Web.csproj", "{56FDA402-CECA-4C81-B6A7-E8B8910193F6}"
EndProject
Global
	GlobalSection(SolutionConfigurationPlatforms) = preSolution
		Debug|Any CPU = Debug|Any CPU
		Release|Any CPU = Release|Any CPU
	EndGlobalSection
	GlobalSection(SolutionProperties) = preSolution
		HideSolutionNode = FALSE
	EndGlobalSection
	GlobalSection(ProjectConfigurationPlatforms) = postSolution
		{56FDA402-CECA-4C81-B6A7-E8B8910193F6}.Debug|Any CPU.ActiveCfg = Debug|Any CPU
		{56FDA402-CECA-4C81-B6A7-E8B8910193F6}.Debug|Any CPU.Build.0 = Debug|Any CPU
		{56FDA402-CECA-4C81-B6A7-E8B8910193F6}.Release|Any CPU.ActiveCfg = Release|Any CPU
		{56FDA402-CECA-4C81-B6A7-E8B8910193F6}.Release|Any CPU.Build.0 = Release|Any CPU
	EndGlobalSection
EndGlobal
Project("{2150E333-8FDC-42A3-9474-1A3956D46DE8}") = "Solution Files", "Solution Files", "{06509F4D-2871-4E51-AD11-F5F61F637B73}"
	ProjectSection(SolutionItems) = preProject
		.dockerignore = .dockerignore
		.editorconfig = .editorconfig
		.gitattributes = .gitattributes
		.gitignore = .gitignore
		.umbraco = .umbraco
		NuGet.config = NuGet.config
		Readme.md = Readme.md
		CrossCloudLoadBalancing.Web\umbraco-cloud.json = CrossCloudLoadBalancing.Web\umbraco-cloud.json
	EndProjectSection
EndProject
